
Microsoft Visual Studio Solution File, Format Version 12.00
# Visual Studio 15
VisualStudioVersion = 15.0.28307.1401
MinimumVisualStudioVersion = 10.0.40219.1
Project("{8BC9CEB8-8B4A-11D0-8D11-00A0C91BC942}") = "testTemplate", "testTemplate\testTemplate.vcxproj", "{654A48D3-8606-462B-BC7A-5DE19B9DD1C4}"
EndProject
Project("{8BC9CEB8-8B4A-11D0-8D11-00A0C91BC942}") = "testJsonC", "testJsonC\testJsonC.vcxproj", "{254EDA65-D0B0-4C83-A5C5-240EB03FAF94}"
EndProject
Project("{8BC9CEB8-8B4A-11D0-8D11-00A0C91BC942}") = "testSmartPointer", "testSmartPointer\testSmartPointer.vcxproj", "{29F7F756-8094-4F71-AA11-0CAA2233AE6D}"
EndProject
Global
	GlobalSection(SolutionConfigurationPlatforms) = preSolution
		Debug|x64 = Debug|x64
		Debug|x86 = Debug|x86
		Release|x64 = Release|x64
		Release|x86 = Release|x86
	EndGlobalSection
	GlobalSection(ProjectConfigurationPlatforms) = postSolution
		{654A48D3-8606-462B-BC7A-5DE19B9DD1C4}.Debug|x64.ActiveCfg = Debug|x64
		{654A48D3-8606-462B-BC7A-5DE19B9DD1C4}.Debug|x64.Build.0 = Debug|x64
		{654A48D3-8606-462B-BC7A-5DE19B9DD1C4}.Debug|x86.ActiveCfg = Debug|Win32
		{654A48D3-8606-462B-BC7A-5DE19B9DD1C4}.Debug|x86.Build.0 = Debug|Win32
		{654A48D3-8606-462B-BC7A-5DE19B9DD1C4}.Release|x64.ActiveCfg = Release|x64
		{654A48D3-8606-462B-BC7A-5DE19B9DD1C4}.Release|x64.Build.0 = Release|x64
		{654A48D3-8606-462B-BC7A-5DE19B9DD1C4}.Release|x86.ActiveCfg = Release|Win32
		{654A48D3-8606-462B-BC7A-5DE19B9DD1C4}.Release|x86.Build.0 = Release|Win32
		{254EDA65-D0B0-4C83-A5C5-240EB03FAF94}.Debug|x64.ActiveCfg = Debug|x64
		{254EDA65-D0B0-4C83-A5C5-240EB03FAF94}.Debug|x64.Build.0 = Debug|x64
		{254EDA65-D0B0-4C83-A5C5-240EB03FAF94}.Debug|x86.ActiveCfg = Debug|Win32
		{254EDA65-D0B0-4C83-A5C5-240EB03FAF94}.Debug|x86.Build.0 = Debug|Win32
		{254EDA65-D0B0-4C83-A5C5-240EB03FAF94}.Release|x64.ActiveCfg = Release|x64
		{254EDA65-D0B0-4C83-A5C5-240EB03FAF94}.Release|x64.Build.0 = Release|x64
		{254EDA65-D0B0-4C83-A5C5-240EB03FAF94}.Release|x86.ActiveCfg = Release|Win32
		{254EDA65-D0B0-4C83-A5C5-240EB03FAF94}.Release|x86.Build.0 = Release|Win32
		{29F7F756-8094-4F71-AA11-0CAA2233AE6D}.Debug|x64.ActiveCfg = Debug|x64
		{29F7F756-8094-4F71-AA11-0CAA2233AE6D}.Debug|x64.Build.0 = Debug|x64
		{29F7F756-8094-4F71-AA11-0CAA2233AE6D}.Debug|x86.ActiveCfg = Debug|Win32
		{29F7F756-8094-4F71-AA11-0CAA2233AE6D}.Debug|x86.Build.0 = Debug|Win32
		{29F7F756-8094-4F71-AA11-0CAA2233AE6D}.Release|x64.ActiveCfg = Release|x64
		{29F7F756-8094-4F71-AA11-0CAA2233AE6D}.Release|x64.Build.0 = Release|x64
		{29F7F756-8094-4F71-AA11-0CAA2233AE6D}.Release|x86.ActiveCfg = Release|Win32
		{29F7F756-8094-4F71-AA11-0CAA2233AE6D}.Release|x86.Build.0 = Release|Win32
	EndGlobalSection
	GlobalSection(SolutionProperties) = preSolution
		HideSolutionNode = FALSE
	EndGlobalSection
	GlobalSection(ExtensibilityGlobals) = postSolution
		SolutionGuid = {42DAE447-4FCD-402A-B537-33679246FE3E}
	EndGlobalSection
EndGlobal
